
Microsoft Visual Studio Solution File, Format Version 12.00
# Visual Studio Version 16
VisualStudioVersion = 16.0.31205.134
MinimumVisualStudioVersion = 10.0.40219.1
Project("{FAE04EC0-301F-11D3-BF4B-00C04F79EFBC}") = "TestWork1", "TestWork1\TestWork1.csproj", "{98195B10-AEFB-4B07-AFBE-E63632680604}"
EndProject
Project("{FAE04EC0-301F-11D3-BF4B-00C04F79EFBC}") = "TestWork1Tests", "TestWork1Tests\TestWork1Tests.csproj", "{2D69D9FE-C210-4CE3-81C1-C401BB64395C}"
EndProject
Global
	GlobalSection(SolutionConfigurationPlatforms) = preSolution
		Debug|Any CPU = Debug|Any CPU
		Release|Any CPU = Release|Any CPU
	EndGlobalSection
	GlobalSection(ProjectConfigurationPlatforms) = postSolution
		{98195B10-AEFB-4B07-AFBE-E63632680604}.Debug|Any CPU.ActiveCfg = Debug|Any CPU
		{98195B10-AEFB-4B07-AFBE-E63632680604}.Debug|Any CPU.Build.0 = Debug|Any CPU
		{98195B10-AEFB-4B07-AFBE-E63632680604}.Release|Any CPU.ActiveCfg = Release|Any CPU
		{98195B10-AEFB-4B07-AFBE-E63632680604}.Release|Any CPU.Build.0 = Release|Any CPU
		{2D69D9FE-C210-4CE3-81C1-C401BB64395C}.Debug|Any CPU.ActiveCfg = Debug|Any CPU
		{2D69D9FE-C210-4CE3-81C1-C401BB64395C}.Debug|Any CPU.Build.0 = Debug|Any CPU
		{2D69D9FE-C210-4CE3-81C1-C401BB64395C}.Release|Any CPU.ActiveCfg = Release|Any CPU
		{2D69D9FE-C210-4CE3-81C1-C401BB64395C}.Release|Any CPU.Build.0 = Release|Any CPU
	EndGlobalSection
	GlobalSection(SolutionProperties) = preSolution
		HideSolutionNode = FALSE
	EndGlobalSection
	GlobalSection(ExtensibilityGlobals) = postSolution
		SolutionGuid = {BF845941-4CA9-4ADF-B659-12BFEBC41EFA}
	EndGlobalSection
EndGlobal
